
Microsoft Visual Studio Solution File, Format Version 12.00
# Visual Studio Version 17
VisualStudioVersion = 17.11.35327.3
MinimumVisualStudioVersion = 10.0.40219.1
Project("{FAE04EC0-301F-11D3-BF4B-00C04F79EFBC}") = "Golem Mining Suite", "Golem Mining Suite\Golem Mining Suite.csproj", "{E007F185-48A6-4234-AB78-BE054CC3FA80}"
EndProject
Global
	GlobalSection(SolutionConfigurationPlatforms) = preSolution
		Debug|Any CPU = Debug|Any CPU
		Release|Any CPU = Release|Any CPU
	EndGlobalSection
	GlobalSection(ProjectConfigurationPlatforms) = postSolution
		{E007F185-48A6-4234-AB78-BE054CC3FA80}.Debug|Any CPU.ActiveCfg = Debug|Any CPU
		{E007F185-48A6-4234-AB78-BE054CC3FA80}.Debug|Any CPU.Build.0 = Debug|Any CPU
		{E007F185-48A6-4234-AB78-BE054CC3FA80}.Release|Any CPU.ActiveCfg = Release|Any CPU
		{E007F185-48A6-4234-AB78-BE054CC3FA80}.Release|Any CPU.Build.0 = Release|Any CPU
	EndGlobalSection
	GlobalSection(SolutionProperties) = preSolution
		HideSolutionNode = FALSE
	EndGlobalSection
	GlobalSection(ExtensibilityGlobals) = postSolution
		SolutionGuid = {453FD2B3-7B47-4A10-A367-A970199E826F}
	EndGlobalSection
EndGlobal
